// !$*UTF8*$!
{
	archiveVersion = 1;
	classes = {
	};
	objectVersion = 55;
	objects = {

/* Begin PBXBuildFile section */
		84096ADF286D59F7001FFA4D /* Constants.swift in Sources */ = {isa = PBXBuildFile; fileRef = 84096ADE286D59F7001FFA4D /* Constants.swift */; };
		84096AE1286D5BCC001FFA4D /* Message.swift in Sources */ = {isa = PBXBuildFile; fileRef = 84096AE0286D5BCC001FFA4D /* Message.swift */; };
		84096AE4286D5E90001FFA4D /* MessageCell.swift in Sources */ = {isa = PBXBuildFile; fileRef = 84096AE2286D5E90001FFA4D /* MessageCell.swift */; };
		84096AE5286D5E90001FFA4D /* MessageCell.xib in Resources */ = {isa = PBXBuildFile; fileRef = 84096AE3286D5E90001FFA4D /* MessageCell.xib */; };
		84096AE8286E3729001FFA4D /* IQKeyboardManagerSwift in Frameworks */ = {isa = PBXBuildFile; productRef = 84096AE7286E3729001FFA4D /* IQKeyboardManagerSwift */; };
		849826DB286CDED900F1AF05 /* GoogleService-Info.plist in Resources */ = {isa = PBXBuildFile; fileRef = 849826DA286CDED900F1AF05 /* GoogleService-Info.plist */; };
		84BEF8E1286A21480039821A /* AppDelegate.swift in Sources */ = {isa = PBXBuildFile; fileRef = 84BEF8E0286A21480039821A /* AppDelegate.swift */; };
		84BEF8E3286A21480039821A /* SceneDelegate.swift in Sources */ = {isa = PBXBuildFile; fileRef = 84BEF8E2286A21480039821A /* SceneDelegate.swift */; };
		84BEF8E5286A21480039821A /* WelcomeViewController.swift in Sources */ = {isa = PBXBuildFile; fileRef = 84BEF8E4286A21480039821A /* WelcomeViewController.swift */; };
		84BEF8E8286A21480039821A /* Main.storyboard in Resources */ = {isa = PBXBuildFile; fileRef = 84BEF8E6286A21480039821A /* Main.storyboard */; };
		84BEF8EB286A21480039821A /* ChatsApp.xcdatamodeld in Sources */ = {isa = PBXBuildFile; fileRef = 84BEF8E9286A21480039821A /* ChatsApp.xcdatamodeld */; };
		84BEF8ED286A214B0039821A /* Assets.xcassets in Resources */ = {isa = PBXBuildFile; fileRef = 84BEF8EC286A214B0039821A /* Assets.xcassets */; };
		84BEF8F0286A214B0039821A /* LaunchScreen.storyboard in Resources */ = {isa = PBXBuildFile; fileRef = 84BEF8EE286A214B0039821A /* LaunchScreen.storyboard */; };
		84BEF8F8286A27700039821A /* RegisterViewController.swift in Sources */ = {isa = PBXBuildFile; fileRef = 84BEF8F7286A27700039821A /* RegisterViewController.swift */; };
		84BEF8FB286A29880039821A /* LoginViewController.swift in Sources */ = {isa = PBXBuildFile; fileRef = 84BEF8FA286A29880039821A /* LoginViewController.swift */; };
		84BEF8FD286A29A90039821A /* ChatViewController.swift in Sources */ = {isa = PBXBuildFile; fileRef = 84BEF8FC286A29A90039821A /* ChatViewController.swift */; };
		AE79ECF9D0F229B04B678DCA /* Pods_ChatsApp.framework in Frameworks */ = {isa = PBXBuildFile; fileRef = E49D1A615E05B4F78B169569 /* Pods_ChatsApp.framework */; };
/* End PBXBuildFile section */

/* Begin PBXFileReference section */
		281E25CC985F96104362CB07 /* Pods-ChatsApp.release.xcconfig */ = {isa = PBXFileReference; includeInIndex = 1; lastKnownFileType = text.xcconfig; name = "Pods-ChatsApp.release.xcconfig"; path = "Target Support Files/Pods-ChatsApp/Pods-ChatsApp.release.xcconfig"; sourceTree = "<group>"; };
		84096ADE286D59F7001FFA4D /* Constants.swift */ = {isa = PBXFileReference; lastKnownFileType = sourcecode.swift; path = Constants.swift; sourceTree = "<group>"; };
		84096AE0286D5BCC001FFA4D /* Message.swift */ = {isa = PBXFileReference; lastKnownFileType = sourcecode.swift; path = Message.swift; sourceTree = "<group>"; };
		84096AE2286D5E90001FFA4D /* MessageCell.swift */ = {isa = PBXFileReference; lastKnownFileType = sourcecode.swift; path = MessageCell.swift; sourceTree = "<group>"; };
		84096AE3286D5E90001FFA4D /* MessageCell.xib */ = {isa = PBXFileReference; lastKnownFileType = file.xib; path = MessageCell.xib; sourceTree = "<group>"; };
		849826DA286CDED900F1AF05 /* GoogleService-Info.plist */ = {isa = PBXFileReference; fileEncoding = 4; lastKnownFileType = text.plist.xml; path = "GoogleService-Info.plist"; sourceTree = "<group>"; };
		84BEF8DD286A21480039821A /* ChatsApp.app */ = {isa = PBXFileReference; explicitFileType = wrapper.application; includeInIndex = 0; path = ChatsApp.app; sourceTree = BUILT_PRODUCTS_DIR; };
		84BEF8E0286A21480039821A /* AppDelegate.swift */ = {isa = PBXFileReference; lastKnownFileType = sourcecode.swift; path = AppDelegate.swift; sourceTree = "<group>"; };
		84BEF8E2286A21480039821A /* SceneDelegate.swift */ = {isa = PBXFileReference; lastKnownFileType = sourcecode.swift; path = SceneDelegate.swift; sourceTree = "<group>"; };
		84BEF8E4286A21480039821A /* WelcomeViewController.swift */ = {isa = PBXFileReference; lastKnownFileType = sourcecode.swift; path = WelcomeViewController.swift; sourceTree = "<group>"; };
		84BEF8E7286A21480039821A /* Base */ = {isa = PBXFileReference; lastKnownFileType = file.storyboard; name = Base; path = Base.lproj/Main.storyboard; sourceTree = "<group>"; };
		84BEF8EA286A21480039821A /* ChatsApp.xcdatamodel */ = {isa = PBXFileReference; lastKnownFileType = wrapper.xcdatamodel; path = ChatsApp.xcdatamodel; sourceTree = "<group>"; };
		84BEF8EC286A214B0039821A /* Assets.xcassets */ = {isa = PBXFileReference; lastKnownFileType = folder.assetcatalog; path = Assets.xcassets; sourceTree = "<group>"; };
		84BEF8EF286A214B0039821A /* Base */ = {isa = PBXFileReference; lastKnownFileType = file.storyboard; name = Base; path = Base.lproj/LaunchScreen.storyboard; sourceTree = "<group>"; };
		84BEF8F1286A214B0039821A /* Info.plist */ = {isa = PBXFileReference; lastKnownFileType = text.plist.xml; path = Info.plist; sourceTree = "<group>"; };
		84BEF8F7286A27700039821A /* RegisterViewController.swift */ = {isa = PBXFileReference; lastKnownFileType = sourcecode.swift; path = RegisterViewController.swift; sourceTree = "<group>"; };
		84BEF8FA286A29880039821A /* LoginViewController.swift */ = {isa = PBXFileReference; lastKnownFileType = sourcecode.swift; path = LoginViewController.swift; sourceTree = "<group>"; };
		84BEF8FC286A29A90039821A /* ChatViewController.swift */ = {isa = PBXFileReference; lastKnownFileType = sourcecode.swift; path = ChatViewController.swift; sourceTree = "<group>"; };
		DEAEB610B773157E1ECB5B62 /* Pods-ChatsApp.debug.xcconfig */ = {isa = PBXFileReference; includeInIndex = 1; lastKnownFileType = text.xcconfig; name = "Pods-ChatsApp.debug.xcconfig"; path = "Target Support Files/Pods-ChatsApp/Pods-ChatsApp.debug.xcconfig"; sourceTree = "<group>"; };
		E49D1A615E05B4F78B169569 /* Pods_ChatsApp.framework */ = {isa = PBXFileReference; explicitFileType = wrapper.framework; includeInIndex = 0; path = Pods_ChatsApp.framework; sourceTree = BUILT_PRODUCTS_DIR; };
/* End PBXFileReference section */

/* Begin PBXFrameworksBuildPhase section */
		84BEF8DA286A21480039821A /* Frameworks */ = {
			isa = PBXFrameworksBuildPhase;
			buildActionMask = 2147483647;
			files = (
				AE79ECF9D0F229B04B678DCA /* Pods_ChatsApp.framework in Frameworks */,
				84096AE8286E3729001FFA4D /* IQKeyboardManagerSwift in Frameworks */,
			);
			runOnlyForDeploymentPostprocessing = 0;
		};
/* End PBXFrameworksBuildPhase section */

/* Begin PBXGroup section */
		13C03A099C256AF63BE3D372 /* Pods */ = {
			isa = PBXGroup;
			children = (
				DEAEB610B773157E1ECB5B62 /* Pods-ChatsApp.debug.xcconfig */,
				281E25CC985F96104362CB07 /* Pods-ChatsApp.release.xcconfig */,
			);
			path = Pods;
			sourceTree = "<group>";
		};
		84096ADB286D5867001FFA4D /* Views */ = {
			isa = PBXGroup;
			children = (
				84BEF8E6286A21480039821A /* Main.storyboard */,
				84096AE2286D5E90001FFA4D /* MessageCell.swift */,
				84096AE3286D5E90001FFA4D /* MessageCell.xib */,
			);
			path = Views;
			sourceTree = "<group>";
		};
		84BEF8D4286A21480039821A = {
			isa = PBXGroup;
			children = (
				84BEF8DF286A21480039821A /* ChatsApp */,
				84BEF8DE286A21480039821A /* Products */,
				13C03A099C256AF63BE3D372 /* Pods */,
				BC32B5EFA9C7D75596AD3F97 /* Frameworks */,
			);
			sourceTree = "<group>";
		};
		84BEF8DE286A21480039821A /* Products */ = {
			isa = PBXGroup;
			children = (
				84BEF8DD286A21480039821A /* ChatsApp.app */,
			);
			name = Products;
			sourceTree = "<group>";
		};
		84BEF8DF286A21480039821A /* ChatsApp */ = {
			isa = PBXGroup;
			children = (
				84BEF8E0286A21480039821A /* AppDelegate.swift */,
				84BEF8E2286A21480039821A /* SceneDelegate.swift */,
				84BEF8FE286A2A460039821A /* Models */,
				84BEF8F9286A295A0039821A /* Controllers */,
				84096ADB286D5867001FFA4D /* Views */,
				84BEF8EC286A214B0039821A /* Assets.xcassets */,
				84BEF8EE286A214B0039821A /* LaunchScreen.storyboard */,
				84BEF8F1286A214B0039821A /* Info.plist */,
				849826DA286CDED900F1AF05 /* GoogleService-Info.plist */,
				84BEF8E9286A21480039821A /* ChatsApp.xcdatamodeld */,
				84096ADE286D59F7001FFA4D /* Constants.swift */,
			);
			path = ChatsApp;
			sourceTree = "<group>";
		};
		84BEF8F9286A295A0039821A /* Controllers */ = {
			isa = PBXGroup;
			children = (
				84BEF8F7286A27700039821A /* RegisterViewController.swift */,
				84BEF8E4286A21480039821A /* WelcomeViewController.swift */,
				84BEF8FA286A29880039821A /* LoginViewController.swift */,
				84BEF8FC286A29A90039821A /* ChatViewController.swift */,
			);
			path = Controllers;
			sourceTree = "<group>";
		};
		84BEF8FE286A2A460039821A /* Models */ = {
			isa = PBXGroup;
			children = (
				84096AE0286D5BCC001FFA4D /* Message.swift */,
			);
			path = Models;
			sourceTree = "<group>";
		};
		BC32B5EFA9C7D75596AD3F97 /* Frameworks */ = {
			isa = PBXGroup;
			children = (
				E49D1A615E05B4F78B169569 /* Pods_ChatsApp.framework */,
			);
			name = Frameworks;
			sourceTree = "<group>";
		};
/* End PBXGroup section */

/* Begin PBXNativeTarget section */
		84BEF8DC286A21480039821A /* ChatsApp */ = {
			isa = PBXNativeTarget;
			buildConfigurationList = 84BEF8F4286A214B0039821A /* Build configuration list for PBXNativeTarget "ChatsApp" */;
			buildPhases = (
				5CD5906583BCDB3B0BE775D3 /* [CP] Check Pods Manifest.lock */,
				84BEF8D9286A21480039821A /* Sources */,
				84BEF8DA286A21480039821A /* Frameworks */,
				84BEF8DB286A21480039821A /* Resources */,
				233996AAF4D94E94BF3BFD02 /* [CP] Embed Pods Frameworks */,
			);
			buildRules = (
			);
			dependencies = (
			);
			name = ChatsApp;
			packageProductDependencies = (
				84096AE7286E3729001FFA4D /* IQKeyboardManagerSwift */,
			);
			productName = ChatsApp;
			productReference = 84BEF8DD286A21480039821A /* ChatsApp.app */;
			productType = "com.apple.product-type.application";
		};
/* End PBXNativeTarget section */

/* Begin PBXProject section */
		84BEF8D5286A21480039821A /* Project object */ = {
			isa = PBXProject;
			attributes = {
				BuildIndependentTargetsInParallel = 1;
				LastSwiftUpdateCheck = 1340;
				LastUpgradeCheck = 1340;
				TargetAttributes = {
					84BEF8DC286A21480039821A = {
						CreatedOnToolsVersion = 13.4.1;
					};
				};
			};
			buildConfigurationList = 84BEF8D8286A21480039821A /* Build configuration list for PBXProject "ChatsApp" */;
			compatibilityVersion = "Xcode 13.0";
			developmentRegion = en;
			hasScannedForEncodings = 0;
			knownRegions = (
				en,
				Base,
			);
			mainGroup = 84BEF8D4286A21480039821A;
			packageReferences = (
				84096AE6286E3729001FFA4D /* XCRemoteSwiftPackageReference "IQKeyboardManager" */,
			);
			productRefGroup = 84BEF8DE286A21480039821A /* Products */;
			projectDirPath = "";
			projectRoot = "";
			targets = (
				84BEF8DC286A21480039821A /* ChatsApp */,
			);
		};
/* End PBXProject section */

/* Begin PBXResourcesBuildPhase section */
		84BEF8DB286A21480039821A /* Resources */ = {
			isa = PBXResourcesBuildPhase;
			buildActionMask = 2147483647;
			files = (
				84096AE5286D5E90001FFA4D /* MessageCell.xib in Resources */,
				84BEF8F0286A214B0039821A /* LaunchScreen.storyboard in Resources */,
				849826DB286CDED900F1AF05 /* GoogleService-Info.plist in Resources */,
				84BEF8ED286A214B0039821A /* Assets.xcassets in Resources */,
				84BEF8E8286A21480039821A /* Main.storyboard in Resources */,
			);
			runOnlyForDeploymentPostprocessing = 0;
		};
/* End PBXResourcesBuildPhase section */

/* Begin PBXShellScriptBuildPhase section */
		233996AAF4D94E94BF3BFD02 /* [CP] Embed Pods Frameworks */ = {
			isa = PBXShellScriptBuildPhase;
			buildActionMask = 2147483647;
			files = (
			);
			inputFileListPaths = (
				"${PODS_ROOT}/Target Support Files/Pods-ChatsApp/Pods-ChatsApp-frameworks-${CONFIGURATION}-input-files.xcfilelist",
			);
			name = "[CP] Embed Pods Frameworks";
			outputFileListPaths = (
				"${PODS_ROOT}/Target Support Files/Pods-ChatsApp/Pods-ChatsApp-frameworks-${CONFIGURATION}-output-files.xcfilelist",
			);
			runOnlyForDeploymentPostprocessing = 0;
			shellPath = /bin/sh;
			shellScript = "\"${PODS_ROOT}/Target Support Files/Pods-ChatsApp/Pods-ChatsApp-frameworks.sh\"\n";
			showEnvVarsInLog = 0;
		};
		5CD5906583BCDB3B0BE775D3 /* [CP] Check Pods Manifest.lock */ = {
			isa = PBXShellScriptBuildPhase;
			buildActionMask = 2147483647;
			files = (
			);
			inputFileListPaths = (
			);
			inputPaths = (
				"${PODS_PODFILE_DIR_PATH}/Podfile.lock",
				"${PODS_ROOT}/Manifest.lock",
			);
			name = "[CP] Check Pods Manifest.lock";
			outputFileListPaths = (
			);
			outputPaths = (
				"$(DERIVED_FILE_DIR)/Pods-ChatsApp-checkManifestLockResult.txt",
			);
			runOnlyForDeploymentPostprocessing = 0;
			shellPath = /bin/sh;
			shellScript = "diff \"${PODS_PODFILE_DIR_PATH}/Podfile.lock\" \"${PODS_ROOT}/Manifest.lock\" > /dev/null\nif [ $? != 0 ] ; then\n    # print error to STDERR\n    echo \"error: The sandbox is not in sync with the Podfile.lock. Run 'pod install' or update your CocoaPods installation.\" >&2\n    exit 1\nfi\n# This output is used by Xcode 'outputs' to avoid re-running this script phase.\necho \"SUCCESS\" > \"${SCRIPT_OUTPUT_FILE_0}\"\n";
			showEnvVarsInLog = 0;
		};
/* End PBXShellScriptBuildPhase section */

/* Begin PBXSourcesBuildPhase section */
		84BEF8D9286A21480039821A /* Sources */ = {
			isa = PBXSourcesBuildPhase;
			buildActionMask = 2147483647;
			files = (
				84BEF8FB286A29880039821A /* LoginViewController.swift in Sources */,
				84096AE4286D5E90001FFA4D /* MessageCell.swift in Sources */,
				84BEF8E5286A21480039821A /* WelcomeViewController.swift in Sources */,
				84BEF8F8286A27700039821A /* RegisterViewController.swift in Sources */,
				84096AE1286D5BCC001FFA4D /* Message.swift in Sources */,
				84BEF8FD286A29A90039821A /* ChatViewController.swift in Sources */,
				84BEF8EB286A21480039821A /* ChatsApp.xcdatamodeld in Sources */,
				84BEF8E1286A21480039821A /* AppDelegate.swift in Sources */,
				84BEF8E3286A21480039821A /* SceneDelegate.swift in Sources */,
				84096ADF286D59F7001FFA4D /* Constants.swift in Sources */,
			);
			runOnlyForDeploymentPostprocessing = 0;
		};
/* End PBXSourcesBuildPhase section */

/* Begin PBXVariantGroup section */
		84BEF8E6286A21480039821A /* Main.storyboard */ = {
			isa = PBXVariantGroup;
			children = (
				84BEF8E7286A21480039821A /* Base */,
			);
			name = Main.storyboard;
			sourceTree = "<group>";
		};
		84BEF8EE286A214B0039821A /* LaunchScreen.storyboard */ = {
			isa = PBXVariantGroup;
			children = (
				84BEF8EF286A214B0039821A /* Base */,
			);
			name = LaunchScreen.storyboard;
			sourceTree = "<group>";
		};
/* End PBXVariantGroup section */

/* Begin XCBuildConfiguration section */
		84BEF8F2286A214B0039821A /* Debug */ = {
			isa = XCBuildConfiguration;
			buildSettings = {
				ALWAYS_SEARCH_USER_PATHS = NO;
				CLANG_ANALYZER_NONNULL = YES;
				CLANG_ANALYZER_NUMBER_OBJECT_CONVERSION = YES_AGGRESSIVE;
				CLANG_CXX_LANGUAGE_STANDARD = "gnu++17";
				CLANG_ENABLE_MODULES = YES;
				CLANG_ENABLE_OBJC_ARC = YES;
				CLANG_ENABLE_OBJC_WEAK = YES;
				CLANG_WARN_BLOCK_CAPTURE_AUTORELEASING = YES;
				CLANG_WARN_BOOL_CONVERSION = YES;
				CLANG_WARN_COMMA = YES;
				CLANG_WARN_CONSTANT_CONVERSION = YES;
				CLANG_WARN_DEPRECATED_OBJC_IMPLEMENTATIONS = YES;
				CLANG_WARN_DIRECT_OBJC_ISA_USAGE = YES_ERROR;
				CLANG_WARN_DOCUMENTATION_COMMENTS = YES;
				CLANG_WARN_EMPTY_BODY = YES;
				CLANG_WARN_ENUM_CONVERSION = YES;
				CLANG_WARN_INFINITE_RECURSION = YES;
				CLANG_WARN_INT_CONVERSION = YES;
				CLANG_WARN_NON_LITERAL_NULL_CONVERSION = YES;
				CLANG_WARN_OBJC_IMPLICIT_RETAIN_SELF = YES;
				CLANG_WARN_OBJC_LITERAL_CONVERSION = YES;
				CLANG_WARN_OBJC_ROOT_CLASS = YES_ERROR;
				CLANG_WARN_QUOTED_INCLUDE_IN_FRAMEWORK_HEADER = YES;
				CLANG_WARN_RANGE_LOOP_ANALYSIS = YES;
				CLANG_WARN_STRICT_PROTOTYPES = YES;
				CLANG_WARN_SUSPICIOUS_MOVE = YES;
				CLANG_WARN_UNGUARDED_AVAILABILITY = YES_AGGRESSIVE;
				CLANG_WARN_UNREACHABLE_CODE = YES;
				CLANG_WARN__DUPLICATE_METHOD_MATCH = YES;
				COPY_PHASE_STRIP = NO;
				DEBUG_INFORMATION_FORMAT = dwarf;
				ENABLE_STRICT_OBJC_MSGSEND = YES;
				ENABLE_TESTABILITY = YES;
				GCC_C_LANGUAGE_STANDARD = gnu11;
				GCC_DYNAMIC_NO_PIC = NO;
				GCC_NO_COMMON_BLOCKS = YES;
				GCC_OPTIMIZATION_LEVEL = 0;
				GCC_PREPROCESSOR_DEFINITIONS = (
					"DEBUG=1",
					"$(inherited)",
				);
				GCC_WARN_64_TO_32_BIT_CONVERSION = YES;
				GCC_WARN_ABOUT_RETURN_TYPE = YES_ERROR;
				GCC_WARN_UNDECLARED_SELECTOR = YES;
				GCC_WARN_UNINITIALIZED_AUTOS = YES_AGGRESSIVE;
				GCC_WARN_UNUSED_FUNCTION = YES;
				GCC_WARN_UNUSED_VARIABLE = YES;
				IPHONEOS_DEPLOYMENT_TARGET = 15.5;
				MTL_ENABLE_DEBUG_INFO = INCLUDE_SOURCE;
				MTL_FAST_MATH = YES;
				ONLY_ACTIVE_ARCH = YES;
				SDKROOT = iphoneos;
				SWIFT_ACTIVE_COMPILATION_CONDITIONS = DEBUG;
				SWIFT_OPTIMIZATION_LEVEL = "-Onone";
			};
			name = Debug;
		};
		84BEF8F3286A214B0039821A /* Release */ = {
			isa = XCBuildConfiguration;
			buildSettings = {
				ALWAYS_SEARCH_USER_PATHS = NO;
				CLANG_ANALYZER_NONNULL = YES;
				CLANG_ANALYZER_NUMBER_OBJECT_CONVERSION = YES_AGGRESSIVE;
				CLANG_CXX_LANGUAGE_STANDARD = "gnu++17";
				CLANG_ENABLE_MODULES = YES;
				CLANG_ENABLE_OBJC_ARC = YES;
				CLANG_ENABLE_OBJC_WEAK = YES;
				CLANG_WARN_BLOCK_CAPTURE_AUTORELEASING = YES;
				CLANG_WARN_BOOL_CONVERSION = YES;
				CLANG_WARN_COMMA = YES;
				CLANG_WARN_CONSTANT_CONVERSION = YES;
				CLANG_WARN_DEPRECATED_OBJC_IMPLEMENTATIONS = YES;
				CLANG_WARN_DIRECT_OBJC_ISA_USAGE = YES_ERROR;
				CLANG_WARN_DOCUMENTATION_COMMENTS = YES;
				CLANG_WARN_EMPTY_BODY = YES;
				CLANG_WARN_ENUM_CONVERSION = YES;
				CLANG_WARN_INFINITE_RECURSION = YES;
				CLANG_WARN_INT_CONVERSION = YES;
				CLANG_WARN_NON_LITERAL_NULL_CONVERSION = YES;
				CLANG_WARN_OBJC_IMPLICIT_RETAIN_SELF = YES;
				CLANG_WARN_OBJC_LITERAL_CONVERSION = YES;
				CLANG_WARN_OBJC_ROOT_CLASS = YES_ERROR;
				CLANG_WARN_QUOTED_INCLUDE_IN_FRAMEWORK_HEADER = YES;
				CLANG_WARN_RANGE_LOOP_ANALYSIS = YES;
				CLANG_WARN_STRICT_PROTOTYPES = YES;
				CLANG_WARN_SUSPICIOUS_MOVE = YES;
				CLANG_WARN_UNGUARDED_AVAILABILITY = YES_AGGRESSIVE;
				CLANG_WARN_UNREACHABLE_CODE = YES;
				CLANG_WARN__DUPLICATE_METHOD_MATCH = YES;
				COPY_PHASE_STRIP = NO;
				DEBUG_INFORMATION_FORMAT = "dwarf-with-dsym";
				ENABLE_NS_ASSERTIONS = NO;
				ENABLE_STRICT_OBJC_MSGSEND = YES;
				GCC_C_LANGUAGE_STANDARD = gnu11;
				GCC_NO_COMMON_BLOCKS = YES;
				GCC_WARN_64_TO_32_BIT_CONVERSION = YES;
				GCC_WARN_ABOUT_RETURN_TYPE = YES_ERROR;
				GCC_WARN_UNDECLARED_SELECTOR = YES;
				GCC_WARN_UNINITIALIZED_AUTOS = YES_AGGRESSIVE;
				GCC_WARN_UNUSED_FUNCTION = YES;
				GCC_WARN_UNUSED_VARIABLE = YES;
				IPHONEOS_DEPLOYMENT_TARGET = 15.5;
				MTL_ENABLE_DEBUG_INFO = NO;
				MTL_FAST_MATH = YES;
				SDKROOT = iphoneos;
				SWIFT_COMPILATION_MODE = wholemodule;
				SWIFT_OPTIMIZATION_LEVEL = "-O";
				VALIDATE_PRODUCT = YES;
			};
			name = Release;
		};
		84BEF8F5286A214B0039821A /* Debug */ = {
			isa = XCBuildConfiguration;
			baseConfigurationReference = DEAEB610B773157E1ECB5B62 /* Pods-ChatsApp.debug.xcconfig */;
			buildSettings = {
				ASSETCATALOG_COMPILER_APPICON_NAME = AppIcon;
				ASSETCATALOG_COMPILER_GLOBAL_ACCENT_COLOR_NAME = AccentColor;
				CODE_SIGN_STYLE = Automatic;
				CURRENT_PROJECT_VERSION = 1;
				DEVELOPMENT_TEAM = 2DWKAHXD39;
				GENERATE_INFOPLIST_FILE = YES;
				INFOPLIST_FILE = ChatsApp/Info.plist;
				INFOPLIST_KEY_UIApplicationSupportsIndirectInputEvents = YES;
				INFOPLIST_KEY_UILaunchStoryboardName = LaunchScreen;
				INFOPLIST_KEY_UIMainStoryboardFile = Main;
				INFOPLIST_KEY_UISupportedInterfaceOrientations_iPad = "UIInterfaceOrientationPortrait UIInterfaceOrientationPortraitUpsideDown UIInterfaceOrientationLandscapeLeft UIInterfaceOrientationLandscapeRight";
				INFOPLIST_KEY_UISupportedInterfaceOrientations_iPhone = "UIInterfaceOrientationPortrait UIInterfaceOrientationLandscapeLeft UIInterfaceOrientationLandscapeRight";
				LD_RUNPATH_SEARCH_PATHS = (
					"$(inherited)",
					"@executable_path/Frameworks",
				);
				MARKETING_VERSION = 1.0;
				PRODUCT_BUNDLE_IDENTIFIER = tingtingxiu.ChatsApp;
				PRODUCT_NAME = "$(TARGET_NAME)";
				SWIFT_EMIT_LOC_STRINGS = YES;
				SWIFT_VERSION = 5.0;
				TARGETED_DEVICE_FAMILY = "1,2";
			};
			name = Debug;
		};
		84BEF8F6286A214B0039821A /* Release */ = {
			isa = XCBuildConfiguration;
			baseConfigurationReference = 281E25CC985F96104362CB07 /* Pods-ChatsApp.release.xcconfig */;
			buildSettings = {
				ASSETCATALOG_COMPILER_APPICON_NAME = AppIcon;
				ASSETCATALOG_COMPILER_GLOBAL_ACCENT_COLOR_NAME = AccentColor;
				CODE_SIGN_STYLE = Automatic;
				CURRENT_PROJECT_VERSION = 1;
				DEVELOPMENT_TEAM = 2DWKAHXD39;
				GENERATE_INFOPLIST_FILE = YES;
				INFOPLIST_FILE = ChatsApp/Info.plist;
				INFOPLIST_KEY_UIApplicationSupportsIndirectInputEvents = YES;
				INFOPLIST_KEY_UILaunchStoryboardName = LaunchScreen;
				INFOPLIST_KEY_UIMainStoryboardFile = Main;
				INFOPLIST_KEY_UISupportedInterfaceOrientations_iPad = "UIInterfaceOrientationPortrait UIInterfaceOrientationPortraitUpsideDown UIInterfaceOrientationLandscapeLeft UIInterfaceOrientationLandscapeRight";
				INFOPLIST_KEY_UISupportedInterfaceOrientations_iPhone = "UIInterfaceOrientationPortrait UIInterfaceOrientationLandscapeLeft UIInterfaceOrientationLandscapeRight";
				LD_RUNPATH_SEARCH_PATHS = (
					"$(inherited)",
					"@executable_path/Frameworks",
				);
				MARKETING_VERSION = 1.0;
				PRODUCT_BUNDLE_IDENTIFIER = tingtingxiu.ChatsApp;
				PRODUCT_NAME = "$(TARGET_NAME)";
				SWIFT_EMIT_LOC_STRINGS = YES;
				SWIFT_VERSION = 5.0;
				TARGETED_DEVICE_FAMILY = "1,2";
			};
			name = Release;
		};
/* End XCBuildConfiguration section */

/* Begin XCConfigurationList section */
		84BEF8D8286A21480039821A /* Build configuration list for PBXProject "ChatsApp" */ = {
			isa = XCConfigurationList;
			buildConfigurations = (
				84BEF8F2286A214B0039821A /* Debug */,
				84BEF8F3286A214B0039821A /* Release */,
			);
			defaultConfigurationIsVisible = 0;
			defaultConfigurationName = Release;
		};
		84BEF8F4286A214B0039821A /* Build configuration list for PBXNativeTarget "ChatsApp" */ = {
			isa = XCConfigurationList;
			buildConfigurations = (
				84BEF8F5286A214B0039821A /* Debug */,
				84BEF8F6286A214B0039821A /* Release */,
			);
			defaultConfigurationIsVisible = 0;
			defaultConfigurationName = Release;
		};
/* End XCConfigurationList section */

/* Begin XCRemoteSwiftPackageReference section */
		84096AE6286E3729001FFA4D /* XCRemoteSwiftPackageReference "IQKeyboardManager" */ = {
			isa = XCRemoteSwiftPackageReference;
			repositoryURL = "https://github.com/hackiftekhar/IQKeyboardManager";
			requirement = {
				branch = master;
				kind = branch;
			};
		};
/* End XCRemoteSwiftPackageReference section */

/* Begin XCSwiftPackageProductDependency section */
		84096AE7286E3729001FFA4D /* IQKeyboardManagerSwift */ = {
			isa = XCSwiftPackageProductDependency;
			package = 84096AE6286E3729001FFA4D /* XCRemoteSwiftPackageReference "IQKeyboardManager" */;
			productName = IQKeyboardManagerSwift;
		};
/* End XCSwiftPackageProductDependency section */

/* Begin XCVersionGroup section */
		84BEF8E9286A21480039821A /* ChatsApp.xcdatamodeld */ = {
			isa = XCVersionGroup;
			children = (
				84BEF8EA286A21480039821A /* ChatsApp.xcdatamodel */,
			);
			currentVersion = 84BEF8EA286A21480039821A /* ChatsApp.xcdatamodel */;
			path = ChatsApp.xcdatamodeld;
			sourceTree = "<group>";
			versionGroupType = wrapper.xcdatamodel;
		};
/* End XCVersionGroup section */
	};
	rootObject = 84BEF8D5286A21480039821A /* Project object */;
}
